
Microsoft Visual Studio Solution File, Format Version 12.00
# Visual Studio 14
VisualStudioVersion = 14.0.25420.1
MinimumVisualStudioVersion = 10.0.40219.1
Project("{FAE04EC0-301F-11D3-BF4B-00C04F79EFBC}") = "API.Test", "API.Test\API.Test.csproj", "{41C45653-C643-45B8-902D-4755A647F0FB}"
EndProject
Global
	GlobalSection(SolutionConfigurationPlatforms) = preSolution
		Debug|Any CPU = Debug|Any CPU
		Live|Any CPU = Live|Any CPU
		Release|Any CPU = Release|Any CPU
		Test|Any CPU = Test|Any CPU
		UAT|Any CPU = UAT|Any CPU
	EndGlobalSection
	GlobalSection(ProjectConfigurationPlatforms) = postSolution
		{41C45653-C643-45B8-902D-4755A647F0FB}.Debug|Any CPU.ActiveCfg = Debug|Any CPU
		{41C45653-C643-45B8-902D-4755A647F0FB}.Debug|Any CPU.Build.0 = Debug|Any CPU
		{41C45653-C643-45B8-902D-4755A647F0FB}.Live|Any CPU.ActiveCfg = Live|Any CPU
		{41C45653-C643-45B8-902D-4755A647F0FB}.Live|Any CPU.Build.0 = Live|Any CPU
		{41C45653-C643-45B8-902D-4755A647F0FB}.Release|Any CPU.ActiveCfg = Release|Any CPU
		{41C45653-C643-45B8-902D-4755A647F0FB}.Release|Any CPU.Build.0 = Release|Any CPU
		{41C45653-C643-45B8-902D-4755A647F0FB}.Test|Any CPU.ActiveCfg = Test|Any CPU
		{41C45653-C643-45B8-902D-4755A647F0FB}.Test|Any CPU.Build.0 = Test|Any CPU
		{41C45653-C643-45B8-902D-4755A647F0FB}.UAT|Any CPU.ActiveCfg = UAT|Any CPU
		{41C45653-C643-45B8-902D-4755A647F0FB}.UAT|Any CPU.Build.0 = UAT|Any CPU
	EndGlobalSection
	GlobalSection(SolutionProperties) = preSolution
		HideSolutionNode = FALSE
	EndGlobalSection
EndGlobal
