
Microsoft Visual Studio Solution File, Format Version 12.00
# Visual Studio Version 16
VisualStudioVersion = 16.0.31729.503
MinimumVisualStudioVersion = 10.0.40219.1
Project("{FAE04EC0-301F-11D3-BF4B-00C04F79EFBC}") = "API.Library", "API.Library\API.Library.csproj", "{706831F3-53F4-4A41-A028-632DD787B790}"
EndProject
Global
	GlobalSection(SolutionConfigurationPlatforms) = preSolution
		Debug|Any CPU = Debug|Any CPU
		Dev|Any CPU = Dev|Any CPU
		Live|Any CPU = Live|Any CPU
		Release|Any CPU = Release|Any CPU
		TD|Any CPU = TD|Any CPU
	EndGlobalSection
	GlobalSection(ProjectConfigurationPlatforms) = postSolution
		{706831F3-53F4-4A41-A028-632DD787B790}.Debug|Any CPU.ActiveCfg = Debug|Any CPU
		{706831F3-53F4-4A41-A028-632DD787B790}.Debug|Any CPU.Build.0 = Debug|Any CPU
		{706831F3-53F4-4A41-A028-632DD787B790}.Dev|Any CPU.ActiveCfg = Dev|Any CPU
		{706831F3-53F4-4A41-A028-632DD787B790}.Dev|Any CPU.Build.0 = Dev|Any CPU
		{706831F3-53F4-4A41-A028-632DD787B790}.Live|Any CPU.ActiveCfg = Live|Any CPU
		{706831F3-53F4-4A41-A028-632DD787B790}.Live|Any CPU.Build.0 = Live|Any CPU
		{706831F3-53F4-4A41-A028-632DD787B790}.Release|Any CPU.ActiveCfg = Release|Any CPU
		{706831F3-53F4-4A41-A028-632DD787B790}.Release|Any CPU.Build.0 = Release|Any CPU
		{706831F3-53F4-4A41-A028-632DD787B790}.TD|Any CPU.ActiveCfg = TD|Any CPU
		{706831F3-53F4-4A41-A028-632DD787B790}.TD|Any CPU.Build.0 = TD|Any CPU
	EndGlobalSection
	GlobalSection(SolutionProperties) = preSolution
		HideSolutionNode = FALSE
	EndGlobalSection
	GlobalSection(ExtensibilityGlobals) = postSolution
		SolutionGuid = {C633644D-71C0-4CF2-95D0-F6C367931EB3}
	EndGlobalSection
EndGlobal
